// !$*UTF8*$!
{
	archiveVersion = 1;
	classes = {
	};
	objectVersion = 50;
	objects = {

/* Begin PBXBuildFile section */
		A6134811261895AE0042FBC4 /* ListTabView.swift in Sources */ = {isa = PBXBuildFile; fileRef = A6134810261895AE0042FBC4 /* ListTabView.swift */; };
		A6134854261AB91B0042FBC4 /* NewWords.swift in Sources */ = {isa = PBXBuildFile; fileRef = A6134853261AB91B0042FBC4 /* NewWords.swift */; };
		A6134858261BFE6A0042FBC4 /* English+Extension.swift in Sources */ = {isa = PBXBuildFile; fileRef = A6134857261BFE6A0042FBC4 /* English+Extension.swift */; };
		A61B4FDE261CB993009CCBCF /* EditWords.swift in Sources */ = {isa = PBXBuildFile; fileRef = A61B4FDD261CB993009CCBCF /* EditWords.swift */; };
		A69CD5F9261C44FC00BBEA94 /* AddNewWords.swift in Sources */ = {isa = PBXBuildFile; fileRef = A69CD5F8261C44FC00BBEA94 /* AddNewWords.swift */; };
		A6CA39152613657A002F4D9A /* AppDelegate.swift in Sources */ = {isa = PBXBuildFile; fileRef = A6CA39142613657A002F4D9A /* AppDelegate.swift */; };
		A6CA39172613657A002F4D9A /* SceneDelegate.swift in Sources */ = {isa = PBXBuildFile; fileRef = A6CA39162613657A002F4D9A /* SceneDelegate.swift */; };
		A6CA39192613657A002F4D9A /* ContentView.swift in Sources */ = {isa = PBXBuildFile; fileRef = A6CA39182613657A002F4D9A /* ContentView.swift */; };
		A6CA391C2613657A002F4D9A /* EnglishWordsApp.xcdatamodeld in Sources */ = {isa = PBXBuildFile; fileRef = A6CA391A2613657A002F4D9A /* EnglishWordsApp.xcdatamodeld */; };
		A6CA391E2613657C002F4D9A /* Assets.xcassets in Resources */ = {isa = PBXBuildFile; fileRef = A6CA391D2613657C002F4D9A /* Assets.xcassets */; };
		A6CA39212613657C002F4D9A /* Preview Assets.xcassets in Resources */ = {isa = PBXBuildFile; fileRef = A6CA39202613657C002F4D9A /* Preview Assets.xcassets */; };
		A6CA39242613657C002F4D9A /* LaunchScreen.storyboard in Resources */ = {isa = PBXBuildFile; fileRef = A6CA39222613657C002F4D9A /* LaunchScreen.storyboard */; };
/* End PBXBuildFile section */

/* Begin PBXFileReference section */
		A6134810261895AE0042FBC4 /* ListTabView.swift */ = {isa = PBXFileReference; lastKnownFileType = sourcecode.swift; path = ListTabView.swift; sourceTree = "<group>"; };
		A6134853261AB91B0042FBC4 /* NewWords.swift */ = {isa = PBXFileReference; lastKnownFileType = sourcecode.swift; path = NewWords.swift; sourceTree = "<group>"; };
		A6134857261BFE6A0042FBC4 /* English+Extension.swift */ = {isa = PBXFileReference; lastKnownFileType = sourcecode.swift; path = "English+Extension.swift"; sourceTree = "<group>"; };
		A61B4FDD261CB993009CCBCF /* EditWords.swift */ = {isa = PBXFileReference; lastKnownFileType = sourcecode.swift; path = EditWords.swift; sourceTree = "<group>"; };
		A69CD5F8261C44FC00BBEA94 /* AddNewWords.swift */ = {isa = PBXFileReference; lastKnownFileType = sourcecode.swift; path = AddNewWords.swift; sourceTree = "<group>"; };
		A6CA39112613657A002F4D9A /* EnglishWordsApp.app */ = {isa = PBXFileReference; explicitFileType = wrapper.application; includeInIndex = 0; path = EnglishWordsApp.app; sourceTree = BUILT_PRODUCTS_DIR; };
		A6CA39142613657A002F4D9A /* AppDelegate.swift */ = {isa = PBXFileReference; lastKnownFileType = sourcecode.swift; path = AppDelegate.swift; sourceTree = "<group>"; };
		A6CA39162613657A002F4D9A /* SceneDelegate.swift */ = {isa = PBXFileReference; lastKnownFileType = sourcecode.swift; path = SceneDelegate.swift; sourceTree = "<group>"; };
		A6CA39182613657A002F4D9A /* ContentView.swift */ = {isa = PBXFileReference; lastKnownFileType = sourcecode.swift; path = ContentView.swift; sourceTree = "<group>"; };
		A6CA391B2613657A002F4D9A /* EnglishWordsApp.xcdatamodel */ = {isa = PBXFileReference; lastKnownFileType = wrapper.xcdatamodel; path = EnglishWordsApp.xcdatamodel; sourceTree = "<group>"; };
		A6CA391D2613657C002F4D9A /* Assets.xcassets */ = {isa = PBXFileReference; lastKnownFileType = folder.assetcatalog; path = Assets.xcassets; sourceTree = "<group>"; };
		A6CA39202613657C002F4D9A /* Preview Assets.xcassets */ = {isa = PBXFileReference; lastKnownFileType = folder.assetcatalog; path = "Preview Assets.xcassets"; sourceTree = "<group>"; };
		A6CA39232613657C002F4D9A /* Base */ = {isa = PBXFileReference; lastKnownFileType = file.storyboard; name = Base; path = Base.lproj/LaunchScreen.storyboard; sourceTree = "<group>"; };
		A6CA39252613657C002F4D9A /* Info.plist */ = {isa = PBXFileReference; lastKnownFileType = text.plist.xml; path = Info.plist; sourceTree = "<group>"; };
/* End PBXFileReference section */

/* Begin PBXFrameworksBuildPhase section */
		A6CA390E2613657A002F4D9A /* Frameworks */ = {
			isa = PBXFrameworksBuildPhase;
			buildActionMask = 2147483647;
			files = (
			);
			runOnlyForDeploymentPostprocessing = 0;
		};
/* End PBXFrameworksBuildPhase section */

/* Begin PBXGroup section */
		A6134856261BFE3C0042FBC4 /* Extension */ = {
			isa = PBXGroup;
			children = (
				A6134857261BFE6A0042FBC4 /* English+Extension.swift */,
			);
			path = Extension;
			sourceTree = "<group>";
		};
		A66041D3262213C1002DAD05 /* ListTabView */ = {
			isa = PBXGroup;
			children = (
				A69CD5F8261C44FC00BBEA94 /* AddNewWords.swift */,
				A6134853261AB91B0042FBC4 /* NewWords.swift */,
				A61B4FDD261CB993009CCBCF /* EditWords.swift */,
			);
			path = ListTabView;
			sourceTree = "<group>";
		};
		A685D54D2621EAF600E6040D /* Views */ = {
			isa = PBXGroup;
			children = (
				A6134810261895AE0042FBC4 /* ListTabView.swift */,
			);
			path = Views;
			sourceTree = "<group>";
		};
		A6CA39082613657A002F4D9A = {
			isa = PBXGroup;
			children = (
				A6CA39132613657A002F4D9A /* EnglishWordsApp */,
				A6CA39122613657A002F4D9A /* Products */,
			);
			sourceTree = "<group>";
		};
		A6CA39122613657A002F4D9A /* Products */ = {
			isa = PBXGroup;
			children = (
				A6CA39112613657A002F4D9A /* EnglishWordsApp.app */,
			);
			name = Products;
			sourceTree = "<group>";
		};
		A6CA39132613657A002F4D9A /* EnglishWordsApp */ = {
			isa = PBXGroup;
			children = (
				A6134856261BFE3C0042FBC4 /* Extension */,
				A6CA39142613657A002F4D9A /* AppDelegate.swift */,
				A6CA39162613657A002F4D9A /* SceneDelegate.swift */,
				A6CA39182613657A002F4D9A /* ContentView.swift */,
				A685D54D2621EAF600E6040D /* Views */,
				A66041D3262213C1002DAD05 /* ListTabView */,
				A6CA391D2613657C002F4D9A /* Assets.xcassets */,
				A6CA39222613657C002F4D9A /* LaunchScreen.storyboard */,
				A6CA39252613657C002F4D9A /* Info.plist */,
				A6CA391A2613657A002F4D9A /* EnglishWordsApp.xcdatamodeld */,
				A6CA391F2613657C002F4D9A /* Preview Content */,
			);
			path = EnglishWordsApp;
			sourceTree = "<group>";
		};
		A6CA391F2613657C002F4D9A /* Preview Content */ = {
			isa = PBXGroup;
			children = (
				A6CA39202613657C002F4D9A /* Preview Assets.xcassets */,
			);
			path = "Preview Content";
			sourceTree = "<group>";
		};
/* End PBXGroup section */

/* Begin PBXNativeTarget section */
		A6CA39102613657A002F4D9A /* EnglishWordsApp */ = {
			isa = PBXNativeTarget;
			buildConfigurationList = A6CA39282613657C002F4D9A /* Build configuration list for PBXNativeTarget "EnglishWordsApp" */;
			buildPhases = (
				A6CA390D2613657A002F4D9A /* Sources */,
				A6CA390E2613657A002F4D9A /* Frameworks */,
				A6CA390F2613657A002F4D9A /* Resources */,
			);
			buildRules = (
			);
			dependencies = (
			);
			name = EnglishWordsApp;
			productName = EnglishWordsApp;
			productReference = A6CA39112613657A002F4D9A /* EnglishWordsApp.app */;
			productType = "com.apple.product-type.application";
		};
/* End PBXNativeTarget section */

/* Begin PBXProject section */
		A6CA39092613657A002F4D9A /* Project object */ = {
			isa = PBXProject;
			attributes = {
				LastSwiftUpdateCheck = 1240;
				LastUpgradeCheck = 1240;
				TargetAttributes = {
					A6CA39102613657A002F4D9A = {
						CreatedOnToolsVersion = 12.4;
					};
				};
			};
			buildConfigurationList = A6CA390C2613657A002F4D9A /* Build configuration list for PBXProject "EnglishWordsApp" */;
			compatibilityVersion = "Xcode 9.3";
			developmentRegion = en;
			hasScannedForEncodings = 0;
			knownRegions = (
				en,
				Base,
			);
			mainGroup = A6CA39082613657A002F4D9A;
			productRefGroup = A6CA39122613657A002F4D9A /* Products */;
			projectDirPath = "";
			projectRoot = "";
			targets = (
				A6CA39102613657A002F4D9A /* EnglishWordsApp */,
			);
		};
/* End PBXProject section */

/* Begin PBXResourcesBuildPhase section */
		A6CA390F2613657A002F4D9A /* Resources */ = {
			isa = PBXResourcesBuildPhase;
			buildActionMask = 2147483647;
			files = (
				A6CA39242613657C002F4D9A /* LaunchScreen.storyboard in Resources */,
				A6CA39212613657C002F4D9A /* Preview Assets.xcassets in Resources */,
				A6CA391E2613657C002F4D9A /* Assets.xcassets in Resources */,
			);
			runOnlyForDeploymentPostprocessing = 0;
		};
/* End PBXResourcesBuildPhase section */

/* Begin PBXSourcesBuildPhase section */
		A6CA390D2613657A002F4D9A /* Sources */ = {
			isa = PBXSourcesBuildPhase;
			buildActionMask = 2147483647;
			files = (
				A6134811261895AE0042FBC4 /* ListTabView.swift in Sources */,
				A6CA39152613657A002F4D9A /* AppDelegate.swift in Sources */,
				A6134854261AB91B0042FBC4 /* NewWords.swift in Sources */,
				A61B4FDE261CB993009CCBCF /* EditWords.swift in Sources */,
				A69CD5F9261C44FC00BBEA94 /* AddNewWords.swift in Sources */,
				A6CA39172613657A002F4D9A /* SceneDelegate.swift in Sources */,
				A6CA391C2613657A002F4D9A /* EnglishWordsApp.xcdatamodeld in Sources */,
				A6CA39192613657A002F4D9A /* ContentView.swift in Sources */,
				A6134858261BFE6A0042FBC4 /* English+Extension.swift in Sources */,
			);
			runOnlyForDeploymentPostprocessing = 0;
		};
/* End PBXSourcesBuildPhase section */

/* Begin PBXVariantGroup section */
		A6CA39222613657C002F4D9A /* LaunchScreen.storyboard */ = {
			isa = PBXVariantGroup;
			children = (
				A6CA39232613657C002F4D9A /* Base */,
			);
			name = LaunchScreen.storyboard;
			sourceTree = "<group>";
		};
/* End PBXVariantGroup section */

/* Begin XCBuildConfiguration section */
		A6CA39262613657C002F4D9A /* Debug */ = {
			isa = XCBuildConfiguration;
			buildSettings = {
				ALWAYS_SEARCH_USER_PATHS = NO;
				CLANG_ANALYZER_NONNULL = YES;
				CLANG_ANALYZER_NUMBER_OBJECT_CONVERSION = YES_AGGRESSIVE;
				CLANG_CXX_LANGUAGE_STANDARD = "gnu++14";
				CLANG_CXX_LIBRARY = "libc++";
				CLANG_ENABLE_MODULES = YES;
				CLANG_ENABLE_OBJC_ARC = YES;
				CLANG_ENABLE_OBJC_WEAK = YES;
				CLANG_WARN_BLOCK_CAPTURE_AUTORELEASING = YES;
				CLANG_WARN_BOOL_CONVERSION = YES;
				CLANG_WARN_COMMA = YES;
				CLANG_WARN_CONSTANT_CONVERSION = YES;
				CLANG_WARN_DEPRECATED_OBJC_IMPLEMENTATIONS = YES;
				CLANG_WARN_DIRECT_OBJC_ISA_USAGE = YES_ERROR;
				CLANG_WARN_DOCUMENTATION_COMMENTS = YES;
				CLANG_WARN_EMPTY_BODY = YES;
				CLANG_WARN_ENUM_CONVERSION = YES;
				CLANG_WARN_INFINITE_RECURSION = YES;
				CLANG_WARN_INT_CONVERSION = YES;
				CLANG_WARN_NON_LITERAL_NULL_CONVERSION = YES;
				CLANG_WARN_OBJC_IMPLICIT_RETAIN_SELF = YES;
				CLANG_WARN_OBJC_LITERAL_CONVERSION = YES;
				CLANG_WARN_OBJC_ROOT_CLASS = YES_ERROR;
				CLANG_WARN_QUOTED_INCLUDE_IN_FRAMEWORK_HEADER = YES;
				CLANG_WARN_RANGE_LOOP_ANALYSIS = YES;
				CLANG_WARN_STRICT_PROTOTYPES = YES;
				CLANG_WARN_SUSPICIOUS_MOVE = YES;
				CLANG_WARN_UNGUARDED_AVAILABILITY = YES_AGGRESSIVE;
				CLANG_WARN_UNREACHABLE_CODE = YES;
				CLANG_WARN__DUPLICATE_METHOD_MATCH = YES;
				COPY_PHASE_STRIP = NO;
				DEBUG_INFORMATION_FORMAT = dwarf;
				ENABLE_STRICT_OBJC_MSGSEND = YES;
				ENABLE_TESTABILITY = YES;
				GCC_C_LANGUAGE_STANDARD = gnu11;
				GCC_DYNAMIC_NO_PIC = NO;
				GCC_NO_COMMON_BLOCKS = YES;
				GCC_OPTIMIZATION_LEVEL = 0;
				GCC_PREPROCESSOR_DEFINITIONS = (
					"DEBUG=1",
					"$(inherited)",
				);
				GCC_WARN_64_TO_32_BIT_CONVERSION = YES;
				GCC_WARN_ABOUT_RETURN_TYPE = YES_ERROR;
				GCC_WARN_UNDECLARED_SELECTOR = YES;
				GCC_WARN_UNINITIALIZED_AUTOS = YES_AGGRESSIVE;
				GCC_WARN_UNUSED_FUNCTION = YES;
				GCC_WARN_UNUSED_VARIABLE = YES;
				IPHONEOS_DEPLOYMENT_TARGET = 14.4;
				MTL_ENABLE_DEBUG_INFO = INCLUDE_SOURCE;
				MTL_FAST_MATH = YES;
				ONLY_ACTIVE_ARCH = YES;
				SDKROOT = iphoneos;
				SWIFT_ACTIVE_COMPILATION_CONDITIONS = DEBUG;
				SWIFT_OPTIMIZATION_LEVEL = "-Onone";
			};
			name = Debug;
		};
		A6CA39272613657C002F4D9A /* Release */ = {
			isa = XCBuildConfiguration;
			buildSettings = {
				ALWAYS_SEARCH_USER_PATHS = NO;
				CLANG_ANALYZER_NONNULL = YES;
				CLANG_ANALYZER_NUMBER_OBJECT_CONVERSION = YES_AGGRESSIVE;
				CLANG_CXX_LANGUAGE_STANDARD = "gnu++14";
				CLANG_CXX_LIBRARY = "libc++";
				CLANG_ENABLE_MODULES = YES;
				CLANG_ENABLE_OBJC_ARC = YES;
				CLANG_ENABLE_OBJC_WEAK = YES;
				CLANG_WARN_BLOCK_CAPTURE_AUTORELEASING = YES;
				CLANG_WARN_BOOL_CONVERSION = YES;
				CLANG_WARN_COMMA = YES;
				CLANG_WARN_CONSTANT_CONVERSION = YES;
				CLANG_WARN_DEPRECATED_OBJC_IMPLEMENTATIONS = YES;
				CLANG_WARN_DIRECT_OBJC_ISA_USAGE = YES_ERROR;
				CLANG_WARN_DOCUMENTATION_COMMENTS = YES;
				CLANG_WARN_EMPTY_BODY = YES;
				CLANG_WARN_ENUM_CONVERSION = YES;
				CLANG_WARN_INFINITE_RECURSION = YES;
				CLANG_WARN_INT_CONVERSION = YES;
				CLANG_WARN_NON_LITERAL_NULL_CONVERSION = YES;
				CLANG_WARN_OBJC_IMPLICIT_RETAIN_SELF = YES;
				CLANG_WARN_OBJC_LITERAL_CONVERSION = YES;
				CLANG_WARN_OBJC_ROOT_CLASS = YES_ERROR;
				CLANG_WARN_QUOTED_INCLUDE_IN_FRAMEWORK_HEADER = YES;
				CLANG_WARN_RANGE_LOOP_ANALYSIS = YES;
				CLANG_WARN_STRICT_PROTOTYPES = YES;
				CLANG_WARN_SUSPICIOUS_MOVE = YES;
				CLANG_WARN_UNGUARDED_AVAILABILITY = YES_AGGRESSIVE;
				CLANG_WARN_UNREACHABLE_CODE = YES;
				CLANG_WARN__DUPLICATE_METHOD_MATCH = YES;
				COPY_PHASE_STRIP = NO;
				DEBUG_INFORMATION_FORMAT = "dwarf-with-dsym";
				ENABLE_NS_ASSERTIONS = NO;
				ENABLE_STRICT_OBJC_MSGSEND = YES;
				GCC_C_LANGUAGE_STANDARD = gnu11;
				GCC_NO_COMMON_BLOCKS = YES;
				GCC_WARN_64_TO_32_BIT_CONVERSION = YES;
				GCC_WARN_ABOUT_RETURN_TYPE = YES_ERROR;
				GCC_WARN_UNDECLARED_SELECTOR = YES;
				GCC_WARN_UNINITIALIZED_AUTOS = YES_AGGRESSIVE;
				GCC_WARN_UNUSED_FUNCTION = YES;
				GCC_WARN_UNUSED_VARIABLE = YES;
				IPHONEOS_DEPLOYMENT_TARGET = 14.4;
				MTL_ENABLE_DEBUG_INFO = NO;
				MTL_FAST_MATH = YES;
				SDKROOT = iphoneos;
				SWIFT_COMPILATION_MODE = wholemodule;
				SWIFT_OPTIMIZATION_LEVEL = "-O";
				VALIDATE_PRODUCT = YES;
			};
			name = Release;
		};
		A6CA39292613657C002F4D9A /* Debug */ = {
			isa = XCBuildConfiguration;
			buildSettings = {
				ASSETCATALOG_COMPILER_APPICON_NAME = AppIcon;
				ASSETCATALOG_COMPILER_GLOBAL_ACCENT_COLOR_NAME = AccentColor;
				CODE_SIGN_STYLE = Automatic;
				DEVELOPMENT_ASSET_PATHS = "\"EnglishWordsApp/Preview Content\"";
				DEVELOPMENT_TEAM = M4JX7782F5;
				ENABLE_PREVIEWS = YES;
				INFOPLIST_FILE = EnglishWordsApp/Info.plist;
				LD_RUNPATH_SEARCH_PATHS = (
					"$(inherited)",
					"@executable_path/Frameworks",
				);
				PRODUCT_BUNDLE_IDENTIFIER = com.harukiido.EnglishWordsApp;
				PRODUCT_NAME = "$(TARGET_NAME)";
				SWIFT_VERSION = 5.0;
				TARGETED_DEVICE_FAMILY = 1;
			};
			name = Debug;
		};
		A6CA392A2613657C002F4D9A /* Release */ = {
			isa = XCBuildConfiguration;
			buildSettings = {
				ASSETCATALOG_COMPILER_APPICON_NAME = AppIcon;
				ASSETCATALOG_COMPILER_GLOBAL_ACCENT_COLOR_NAME = AccentColor;
				CODE_SIGN_STYLE = Automatic;
				DEVELOPMENT_ASSET_PATHS = "\"EnglishWordsApp/Preview Content\"";
				DEVELOPMENT_TEAM = M4JX7782F5;
				ENABLE_PREVIEWS = YES;
				INFOPLIST_FILE = EnglishWordsApp/Info.plist;
				LD_RUNPATH_SEARCH_PATHS = (
					"$(inherited)",
					"@executable_path/Frameworks",
				);
				PRODUCT_BUNDLE_IDENTIFIER = com.harukiido.EnglishWordsApp;
				PRODUCT_NAME = "$(TARGET_NAME)";
				SWIFT_VERSION = 5.0;
				TARGETED_DEVICE_FAMILY = 1;
			};
			name = Release;
		};
/* End XCBuildConfiguration section */

/* Begin XCConfigurationList section */
		A6CA390C2613657A002F4D9A /* Build configuration list for PBXProject "EnglishWordsApp" */ = {
			isa = XCConfigurationList;
			buildConfigurations = (
				A6CA39262613657C002F4D9A /* Debug */,
				A6CA39272613657C002F4D9A /* Release */,
			);
			defaultConfigurationIsVisible = 0;
			defaultConfigurationName = Release;
		};
		A6CA39282613657C002F4D9A /* Build configuration list for PBXNativeTarget "EnglishWordsApp" */ = {
			isa = XCConfigurationList;
			buildConfigurations = (
				A6CA39292613657C002F4D9A /* Debug */,
				A6CA392A2613657C002F4D9A /* Release */,
			);
			defaultConfigurationIsVisible = 0;
			defaultConfigurationName = Release;
		};
/* End XCConfigurationList section */

/* Begin XCVersionGroup section */
		A6CA391A2613657A002F4D9A /* EnglishWordsApp.xcdatamodeld */ = {
			isa = XCVersionGroup;
			children = (
				A6CA391B2613657A002F4D9A /* EnglishWordsApp.xcdatamodel */,
			);
			currentVersion = A6CA391B2613657A002F4D9A /* EnglishWordsApp.xcdatamodel */;
			path = EnglishWordsApp.xcdatamodeld;
			sourceTree = "<group>";
			versionGroupType = wrapper.xcdatamodel;
		};
/* End XCVersionGroup section */
	};
	rootObject = A6CA39092613657A002F4D9A /* Project object */;
}
